
Microsoft Visual Studio Solution File, Format Version 12.00
# Visual Studio 15
VisualStudioVersion = 15.0.27004.2008
MinimumVisualStudioVersion = 10.0.40219.1
Project("{FAE04EC0-301F-11D3-BF4B-00C04F79EFBC}") = "OouiAspCore", "OouiAspCore\OouiAspCore.csproj", "{0291E47F-46D4-4335-A93D-88F18F7A4F24}"
EndProject
Global
	GlobalSection(SolutionConfigurationPlatforms) = preSolution
		Debug|Any CPU = Debug|Any CPU
		Release|Any CPU = Release|Any CPU
	EndGlobalSection
	GlobalSection(ProjectConfigurationPlatforms) = postSolution
		{0291E47F-46D4-4335-A93D-88F18F7A4F24}.Debug|Any CPU.ActiveCfg = Debug|Any CPU
		{0291E47F-46D4-4335-A93D-88F18F7A4F24}.Debug|Any CPU.Build.0 = Debug|Any CPU
		{0291E47F-46D4-4335-A93D-88F18F7A4F24}.Release|Any CPU.ActiveCfg = Release|Any CPU
		{0291E47F-46D4-4335-A93D-88F18F7A4F24}.Release|Any CPU.Build.0 = Release|Any CPU
	EndGlobalSection
	GlobalSection(SolutionProperties) = preSolution
		HideSolutionNode = FALSE
	EndGlobalSection
	GlobalSection(ExtensibilityGlobals) = postSolution
		SolutionGuid = {B21856F9-A5AB-4A09-A26D-9E51937B171F}
	EndGlobalSection
EndGlobal
